
Microsoft Visual Studio Solution File, Format Version 12.00
# Visual Studio Version 16
VisualStudioVersion = 16.0.30804.86
MinimumVisualStudioVersion = 10.0.40219.1
Project("{FAE04EC0-301F-11D3-BF4B-00C04F79EFBC}") = "ClassMetotDemo", "ClassMetotDemo\ClassMetotDemo.csproj", "{8EF3A8A9-C936-4216-A1A4-2C1593FD2506}"
EndProject
Global
	GlobalSection(SolutionConfigurationPlatforms) = preSolution
		Debug|Any CPU = Debug|Any CPU
		Release|Any CPU = Release|Any CPU
	EndGlobalSection
	GlobalSection(ProjectConfigurationPlatforms) = postSolution
		{8EF3A8A9-C936-4216-A1A4-2C1593FD2506}.Debug|Any CPU.ActiveCfg = Debug|Any CPU
		{8EF3A8A9-C936-4216-A1A4-2C1593FD2506}.Debug|Any CPU.Build.0 = Debug|Any CPU
		{8EF3A8A9-C936-4216-A1A4-2C1593FD2506}.Release|Any CPU.ActiveCfg = Release|Any CPU
		{8EF3A8A9-C936-4216-A1A4-2C1593FD2506}.Release|Any CPU.Build.0 = Release|Any CPU
	EndGlobalSection
	GlobalSection(SolutionProperties) = preSolution
		HideSolutionNode = FALSE
	EndGlobalSection
	GlobalSection(ExtensibilityGlobals) = postSolution
		SolutionGuid = {AE78AE78-08DD-4DA7-AE22-D730A107E3BE}
	EndGlobalSection
EndGlobal
